
Microsoft Visual Studio Solution File, Format Version 12.00
# Visual Studio 14
VisualStudioVersion = 14.0.23107.0
MinimumVisualStudioVersion = 10.0.40219.1
Project("{FAE04EC0-301F-11D3-BF4B-00C04F79EFBC}") = "Task 1", "Task 1\Task 1.csproj", "{B9243049-1987-4787-9396-C80FBD10BEA3}"
EndProject
Project("{FAE04EC0-301F-11D3-BF4B-00C04F79EFBC}") = "Task 2", "Task 2\Task 2.csproj", "{918791FF-398E-4D71-B329-8A656F8EDA94}"
EndProject
Project("{FAE04EC0-301F-11D3-BF4B-00C04F79EFBC}") = "Task 3", "Task 3\Task 3.csproj", "{C6B06F3C-C73C-4DFC-BE99-EEDB1B40F053}"
EndProject
Global
	GlobalSection(SolutionConfigurationPlatforms) = preSolution
		Debug|Any CPU = Debug|Any CPU
		Release|Any CPU = Release|Any CPU
	EndGlobalSection
	GlobalSection(ProjectConfigurationPlatforms) = postSolution
		{B9243049-1987-4787-9396-C80FBD10BEA3}.Debug|Any CPU.ActiveCfg = Debug|Any CPU
		{B9243049-1987-4787-9396-C80FBD10BEA3}.Debug|Any CPU.Build.0 = Debug|Any CPU
		{B9243049-1987-4787-9396-C80FBD10BEA3}.Release|Any CPU.ActiveCfg = Release|Any CPU
		{B9243049-1987-4787-9396-C80FBD10BEA3}.Release|Any CPU.Build.0 = Release|Any CPU
		{918791FF-398E-4D71-B329-8A656F8EDA94}.Debug|Any CPU.ActiveCfg = Debug|Any CPU
		{918791FF-398E-4D71-B329-8A656F8EDA94}.Debug|Any CPU.Build.0 = Debug|Any CPU
		{918791FF-398E-4D71-B329-8A656F8EDA94}.Release|Any CPU.ActiveCfg = Release|Any CPU
		{918791FF-398E-4D71-B329-8A656F8EDA94}.Release|Any CPU.Build.0 = Release|Any CPU
		{C6B06F3C-C73C-4DFC-BE99-EEDB1B40F053}.Debug|Any CPU.ActiveCfg = Debug|Any CPU
		{C6B06F3C-C73C-4DFC-BE99-EEDB1B40F053}.Debug|Any CPU.Build.0 = Debug|Any CPU
		{C6B06F3C-C73C-4DFC-BE99-EEDB1B40F053}.Release|Any CPU.ActiveCfg = Release|Any CPU
		{C6B06F3C-C73C-4DFC-BE99-EEDB1B40F053}.Release|Any CPU.Build.0 = Release|Any CPU
	EndGlobalSection
	GlobalSection(SolutionProperties) = preSolution
		HideSolutionNode = FALSE
	EndGlobalSection
EndGlobal
